# This file is automatically @generated by Cargo.
# It is not intended for manual editing.
version = 3

[[package]]
name = "cpu"
version = "0.1.0"

[[package]]
name = "kernel"
version = "0.1.0"
dependencies = [
 "cpu",
 "serial",
 "state",
]

[[package]]
name = "mmu"
version = "0.1.0"
dependencies = [
 "cpu",
 "ops",
 "serial",
]

[[package]]
name = "ops"
version = "0.1.0"

[[package]]
name = "serial"
version = "0.1.0"
dependencies = [
 "cpu",
 "sync",
]

[[package]]
name = "state"
version = "0.1.0"
dependencies = [
 "mmu",
 "serial",
 "sync",
]

[[package]]
name = "sync"
version = "0.1.0"
