# This file is automatically @generated by Cargo.
# It is not intended for manual editing.
version = 3

[[package]]
name = "bootloader"
version = "0.1.0"
dependencies = [
 "cpu",
 "ops",
 "serial",
 "sync",
]

[[package]]
name = "cpu"
version = "0.1.0"

[[package]]
name = "ops"
version = "0.1.0"

[[package]]
name = "serial"
version = "0.1.0"
dependencies = [
 "cpu",
 "sync",
]

[[package]]
name = "sync"
version = "0.1.0"
